
Microsoft Visual Studio Solution File, Format Version 11.00
# Visual C++ Express 2010
Project("{8BC9CEB8-8B4A-11D0-8D11-00A0C91BC942}") = "ml_experiment", "ml_experiment\ml_experiment.vcxproj", "{CABEC03D-F4A1-4B3D-B4F7-CDF58955F4CA}"
EndProject
Project("{8BC9CEB8-8B4A-11D0-8D11-00A0C91BC942}") = "MLDataHeadersCreator", "MLDataHeadersCreator\MLDataHeadersCreator.vcxproj", "{E6201DA5-2064-4B9F-A056-C6D685E222FA}"
EndProject
Project("{8BC9CEB8-8B4A-11D0-8D11-00A0C91BC942}") = "Tester", "Tester\Tester.vcxproj", "{D39E9D63-5ED2-4B1F-8CC2-42F1118B48B4}"
EndProject
Global
	GlobalSection(SolutionConfigurationPlatforms) = preSolution
		Debug|Win32 = Debug|Win32
		Release|Win32 = Release|Win32
	EndGlobalSection
	GlobalSection(ProjectConfigurationPlatforms) = postSolution
		{CABEC03D-F4A1-4B3D-B4F7-CDF58955F4CA}.Debug|Win32.ActiveCfg = Debug|Win32
		{CABEC03D-F4A1-4B3D-B4F7-CDF58955F4CA}.Debug|Win32.Build.0 = Debug|Win32
		{CABEC03D-F4A1-4B3D-B4F7-CDF58955F4CA}.Release|Win32.ActiveCfg = Release|Win32
		{CABEC03D-F4A1-4B3D-B4F7-CDF58955F4CA}.Release|Win32.Build.0 = Release|Win32
		{E6201DA5-2064-4B9F-A056-C6D685E222FA}.Debug|Win32.ActiveCfg = Debug|Win32
		{E6201DA5-2064-4B9F-A056-C6D685E222FA}.Debug|Win32.Build.0 = Debug|Win32
		{E6201DA5-2064-4B9F-A056-C6D685E222FA}.Release|Win32.ActiveCfg = Release|Win32
		{E6201DA5-2064-4B9F-A056-C6D685E222FA}.Release|Win32.Build.0 = Release|Win32
		{D39E9D63-5ED2-4B1F-8CC2-42F1118B48B4}.Debug|Win32.ActiveCfg = Debug|Win32
		{D39E9D63-5ED2-4B1F-8CC2-42F1118B48B4}.Debug|Win32.Build.0 = Debug|Win32
		{D39E9D63-5ED2-4B1F-8CC2-42F1118B48B4}.Release|Win32.ActiveCfg = Release|Win32
		{D39E9D63-5ED2-4B1F-8CC2-42F1118B48B4}.Release|Win32.Build.0 = Release|Win32
	EndGlobalSection
	GlobalSection(SolutionProperties) = preSolution
		HideSolutionNode = FALSE
	EndGlobalSection
EndGlobal
