
Microsoft Visual Studio Solution File, Format Version 11.00
# Visual C++ Express 2010
Project("{8BC9CEB8-8B4A-11D0-8D11-00A0C91BC942}") = "bsvm", "bsvm\bsvm.vcxproj", "{D33A82CC-4C66-4C5E-8B51-3CD016699FF5}"
EndProject
Project("{8BC9CEB8-8B4A-11D0-8D11-00A0C91BC942}") = "test", "test\test.vcxproj", "{2FBC8B27-7B56-48FA-ACB0-C006166E94CD}"
	ProjectSection(ProjectDependencies) = postProject
		{D33A82CC-4C66-4C5E-8B51-3CD016699FF5} = {D33A82CC-4C66-4C5E-8B51-3CD016699FF5}
	EndProjectSection
EndProject
Global
	GlobalSection(SolutionConfigurationPlatforms) = preSolution
		Debug|Win32 = Debug|Win32
		Release|Win32 = Release|Win32
	EndGlobalSection
	GlobalSection(ProjectConfigurationPlatforms) = postSolution
		{D33A82CC-4C66-4C5E-8B51-3CD016699FF5}.Debug|Win32.ActiveCfg = Debug|Win32
		{D33A82CC-4C66-4C5E-8B51-3CD016699FF5}.Debug|Win32.Build.0 = Debug|Win32
		{D33A82CC-4C66-4C5E-8B51-3CD016699FF5}.Release|Win32.ActiveCfg = Release|Win32
		{D33A82CC-4C66-4C5E-8B51-3CD016699FF5}.Release|Win32.Build.0 = Release|Win32
		{2FBC8B27-7B56-48FA-ACB0-C006166E94CD}.Debug|Win32.ActiveCfg = Debug|Win32
		{2FBC8B27-7B56-48FA-ACB0-C006166E94CD}.Debug|Win32.Build.0 = Debug|Win32
		{2FBC8B27-7B56-48FA-ACB0-C006166E94CD}.Release|Win32.ActiveCfg = Release|Win32
		{2FBC8B27-7B56-48FA-ACB0-C006166E94CD}.Release|Win32.Build.0 = Release|Win32
	EndGlobalSection
	GlobalSection(SolutionProperties) = preSolution
		HideSolutionNode = FALSE
	EndGlobalSection
EndGlobal
