
Microsoft Visual Studio Solution File, Format Version 10.00
# Visual Studio 2008
Project("{8BC9CEB8-8B4A-11D0-8D11-00A0C91BC942}") = "Temporary", "Temporary\Temporary.vcproj", "{A092118E-6569-4ADA-8743-693A2CC5C3BC}"
	ProjectSection(ProjectDependencies) = postProject
		{09C5992C-24FE-4627-AEC0-EE3D3E388BC1} = {09C5992C-24FE-4627-AEC0-EE3D3E388BC1}
	EndProjectSection
EndProject
Project("{8BC9CEB8-8B4A-11D0-8D11-00A0C91BC942}") = "BMRM and LS-BMRM", "BMRM and LS-BMRM\BMRM and LS-BMRM.vcproj", "{63300FAC-78F6-4094-A743-9151B5F16845}"
EndProject
Project("{8BC9CEB8-8B4A-11D0-8D11-00A0C91BC942}") = "SVM", "SVM\SVM.vcproj", "{09C5992C-24FE-4627-AEC0-EE3D3E388BC1}"
EndProject
Global
	GlobalSection(SolutionConfigurationPlatforms) = preSolution
		Debug|Win32 = Debug|Win32
		Release|Win32 = Release|Win32
	EndGlobalSection
	GlobalSection(ProjectConfigurationPlatforms) = postSolution
		{A092118E-6569-4ADA-8743-693A2CC5C3BC}.Debug|Win32.ActiveCfg = Debug|Win32
		{A092118E-6569-4ADA-8743-693A2CC5C3BC}.Debug|Win32.Build.0 = Debug|Win32
		{A092118E-6569-4ADA-8743-693A2CC5C3BC}.Release|Win32.ActiveCfg = Release|Win32
		{A092118E-6569-4ADA-8743-693A2CC5C3BC}.Release|Win32.Build.0 = Release|Win32
		{63300FAC-78F6-4094-A743-9151B5F16845}.Debug|Win32.ActiveCfg = Debug|Win32
		{63300FAC-78F6-4094-A743-9151B5F16845}.Debug|Win32.Build.0 = Debug|Win32
		{63300FAC-78F6-4094-A743-9151B5F16845}.Release|Win32.ActiveCfg = Release|Win32
		{63300FAC-78F6-4094-A743-9151B5F16845}.Release|Win32.Build.0 = Release|Win32
		{09C5992C-24FE-4627-AEC0-EE3D3E388BC1}.Debug|Win32.ActiveCfg = Debug|Win32
		{09C5992C-24FE-4627-AEC0-EE3D3E388BC1}.Debug|Win32.Build.0 = Debug|Win32
		{09C5992C-24FE-4627-AEC0-EE3D3E388BC1}.Release|Win32.ActiveCfg = Release|Win32
		{09C5992C-24FE-4627-AEC0-EE3D3E388BC1}.Release|Win32.Build.0 = Release|Win32
	EndGlobalSection
	GlobalSection(SolutionProperties) = preSolution
		HideSolutionNode = FALSE
	EndGlobalSection
EndGlobal
